
Microsoft Visual Studio Solution File, Format Version 12.00
# Visual Studio Version 17
VisualStudioVersion = 17.13.35825.156 d17.13
MinimumVisualStudioVersion = 10.0.40219.1
Project("{FAE04EC0-301F-11D3-BF4B-00C04F79EFBC}") = "LMS", "LMS\LMS.csproj", "{E96C8D41-9FED-4D8A-ADC9-BCB282C50407}"
EndProject
Global
	GlobalSection(SolutionConfigurationPlatforms) = preSolution
		Debug|Any CPU = Debug|Any CPU
		Release|Any CPU = Release|Any CPU
	EndGlobalSection
	GlobalSection(ProjectConfigurationPlatforms) = postSolution
		{E96C8D41-9FED-4D8A-ADC9-BCB282C50407}.Debug|Any CPU.ActiveCfg = Debug|Any CPU
		{E96C8D41-9FED-4D8A-ADC9-BCB282C50407}.Debug|Any CPU.Build.0 = Debug|Any CPU
		{E96C8D41-9FED-4D8A-ADC9-BCB282C50407}.Release|Any CPU.ActiveCfg = Release|Any CPU
		{E96C8D41-9FED-4D8A-ADC9-BCB282C50407}.Release|Any CPU.Build.0 = Release|Any CPU
	EndGlobalSection
	GlobalSection(SolutionProperties) = preSolution
		HideSolutionNode = FALSE
	EndGlobalSection
	GlobalSection(ExtensibilityGlobals) = postSolution
		SolutionGuid = {87E63F16-C219-4DA6-9B91-C216E44E2B9A}
	EndGlobalSection
EndGlobal
